
Microsoft Visual Studio Solution File, Format Version 12.00
# Visual Studio Version 17
VisualStudioVersion = 17.14.36623.8
MinimumVisualStudioVersion = 10.0.40219.1
Project("{FAE04EC0-301F-11D3-BF4B-00C04F79EFBC}") = "001_FirstExample", "001_FirstExample\001_FirstExample.csproj", "{8C7CC17F-07CD-4CAD-AA43-DB15C6206DAE}"
EndProject
Project("{FAE04EC0-301F-11D3-BF4B-00C04F79EFBC}") = "002_AppWihtMigration", "002_AppWihtMigration\002_AppWihtMigration.csproj", "{86D105E6-BE86-45D3-9C61-47EAB9ED7612}"
EndProject
Project("{FAE04EC0-301F-11D3-BF4B-00C04F79EFBC}") = "003_OneToMany", "003_OneToMany\003_OneToMany.csproj", "{CA1947DA-2727-4153-83F4-9E742612DC81}"
EndProject
Project("{FAE04EC0-301F-11D3-BF4B-00C04F79EFBC}") = "004_NavigationProperties", "004_NavigationProperties\004_NavigationProperties.csproj", "{CB6D867C-A4B5-46B5-A8F0-C6350B891054}"
EndProject
Project("{FAE04EC0-301F-11D3-BF4B-00C04F79EFBC}") = "005_LazyLoadingExample", "005_LazyLoadingExample\005_LazyLoadingExample.csproj", "{91A63640-F403-4D54-AE9F-119C854216E9}"
EndProject
Global
	GlobalSection(SolutionConfigurationPlatforms) = preSolution
		Debug|Any CPU = Debug|Any CPU
		Release|Any CPU = Release|Any CPU
	EndGlobalSection
	GlobalSection(ProjectConfigurationPlatforms) = postSolution
		{8C7CC17F-07CD-4CAD-AA43-DB15C6206DAE}.Debug|Any CPU.ActiveCfg = Debug|Any CPU
		{8C7CC17F-07CD-4CAD-AA43-DB15C6206DAE}.Debug|Any CPU.Build.0 = Debug|Any CPU
		{8C7CC17F-07CD-4CAD-AA43-DB15C6206DAE}.Release|Any CPU.ActiveCfg = Release|Any CPU
		{8C7CC17F-07CD-4CAD-AA43-DB15C6206DAE}.Release|Any CPU.Build.0 = Release|Any CPU
		{86D105E6-BE86-45D3-9C61-47EAB9ED7612}.Debug|Any CPU.ActiveCfg = Debug|Any CPU
		{86D105E6-BE86-45D3-9C61-47EAB9ED7612}.Debug|Any CPU.Build.0 = Debug|Any CPU
		{86D105E6-BE86-45D3-9C61-47EAB9ED7612}.Release|Any CPU.ActiveCfg = Release|Any CPU
		{86D105E6-BE86-45D3-9C61-47EAB9ED7612}.Release|Any CPU.Build.0 = Release|Any CPU
		{CA1947DA-2727-4153-83F4-9E742612DC81}.Debug|Any CPU.ActiveCfg = Debug|Any CPU
		{CA1947DA-2727-4153-83F4-9E742612DC81}.Debug|Any CPU.Build.0 = Debug|Any CPU
		{CA1947DA-2727-4153-83F4-9E742612DC81}.Release|Any CPU.ActiveCfg = Release|Any CPU
		{CA1947DA-2727-4153-83F4-9E742612DC81}.Release|Any CPU.Build.0 = Release|Any CPU
		{CB6D867C-A4B5-46B5-A8F0-C6350B891054}.Debug|Any CPU.ActiveCfg = Debug|Any CPU
		{CB6D867C-A4B5-46B5-A8F0-C6350B891054}.Debug|Any CPU.Build.0 = Debug|Any CPU
		{CB6D867C-A4B5-46B5-A8F0-C6350B891054}.Release|Any CPU.ActiveCfg = Release|Any CPU
		{CB6D867C-A4B5-46B5-A8F0-C6350B891054}.Release|Any CPU.Build.0 = Release|Any CPU
		{91A63640-F403-4D54-AE9F-119C854216E9}.Debug|Any CPU.ActiveCfg = Debug|Any CPU
		{91A63640-F403-4D54-AE9F-119C854216E9}.Debug|Any CPU.Build.0 = Debug|Any CPU
		{91A63640-F403-4D54-AE9F-119C854216E9}.Release|Any CPU.ActiveCfg = Release|Any CPU
		{91A63640-F403-4D54-AE9F-119C854216E9}.Release|Any CPU.Build.0 = Release|Any CPU
	EndGlobalSection
	GlobalSection(SolutionProperties) = preSolution
		HideSolutionNode = FALSE
	EndGlobalSection
	GlobalSection(ExtensibilityGlobals) = postSolution
		SolutionGuid = {0DD52F40-AE57-4DF6-BD9E-D6ED84A882D7}
	EndGlobalSection
EndGlobal
